
Microsoft Visual Studio Solution File, Format Version 12.00
# Visual Studio Version 17
VisualStudioVersion = 17.0.31903.59
MinimumVisualStudioVersion = 10.0.40219.1
Project("{FAE04EC0-301F-11D3-BF4B-00C04F79EFBC}") = "Application", "Application\Application.csproj", "{D2BFC1B7-ADF4-4229-AF71-3066A5C8E730}"
EndProject
Project("{FAE04EC0-301F-11D3-BF4B-00C04F79EFBC}") = "Domain", "Domain\Domain.csproj", "{4A7B7F6E-32C0-4758-9284-D1542D8E4435}"
EndProject
Project("{FAE04EC0-301F-11D3-BF4B-00C04F79EFBC}") = "Infrastructure", "Infrastructure\Infrastructure.csproj", "{23A08A28-61CE-462B-8E07-A18F70D983A4}"
EndProject
Project("{FAE04EC0-301F-11D3-BF4B-00C04F79EFBC}") = "Shared", "Shared\Shared.csproj", "{C66F8346-55CA-4ED0-AB16-F081D051A2EB}"
EndProject
Project("{FAE04EC0-301F-11D3-BF4B-00C04F79EFBC}") = "PatientApi", "PatientApi\PatientApi.csproj", "{E93A823A-9AE1-4A44-9D22-61FB0B97B140}"
EndProject
Project("{FAE04EC0-301F-11D3-BF4B-00C04F79EFBC}") = "UnitTests", "UnitTests\UnitTests.csproj", "{33F2F1E8-441A-4832-9705-71A4D1FECFCC}"
EndProject
Project("{FAE04EC0-301F-11D3-BF4B-00C04F79EFBC}") = "AssistantClient", "AssistantClient\AssistantClient.csproj", "{0AF4BB2C-DCD2-423A-A2EF-47FFD77952F3}"
EndProject
Project("{FAE04EC0-301F-11D3-BF4B-00C04F79EFBC}") = "DoctorClient", "DoctorClient\DoctorClient.csproj", "{F96D2F3F-9C8D-48B8-9707-FC77ABCAD4EE}"
EndProject
Global
	GlobalSection(SolutionConfigurationPlatforms) = preSolution
		Debug|Any CPU = Debug|Any CPU
		Debug|x64 = Debug|x64
		Debug|x86 = Debug|x86
		Release|Any CPU = Release|Any CPU
		Release|x64 = Release|x64
		Release|x86 = Release|x86
	EndGlobalSection
	GlobalSection(ProjectConfigurationPlatforms) = postSolution
		{D2BFC1B7-ADF4-4229-AF71-3066A5C8E730}.Debug|Any CPU.ActiveCfg = Debug|Any CPU
		{D2BFC1B7-ADF4-4229-AF71-3066A5C8E730}.Debug|Any CPU.Build.0 = Debug|Any CPU
		{D2BFC1B7-ADF4-4229-AF71-3066A5C8E730}.Debug|x64.ActiveCfg = Debug|Any CPU
		{D2BFC1B7-ADF4-4229-AF71-3066A5C8E730}.Debug|x64.Build.0 = Debug|Any CPU
		{D2BFC1B7-ADF4-4229-AF71-3066A5C8E730}.Debug|x86.ActiveCfg = Debug|Any CPU
		{D2BFC1B7-ADF4-4229-AF71-3066A5C8E730}.Debug|x86.Build.0 = Debug|Any CPU
		{D2BFC1B7-ADF4-4229-AF71-3066A5C8E730}.Release|Any CPU.ActiveCfg = Release|Any CPU
		{D2BFC1B7-ADF4-4229-AF71-3066A5C8E730}.Release|Any CPU.Build.0 = Release|Any CPU
		{D2BFC1B7-ADF4-4229-AF71-3066A5C8E730}.Release|x64.ActiveCfg = Release|Any CPU
		{D2BFC1B7-ADF4-4229-AF71-3066A5C8E730}.Release|x64.Build.0 = Release|Any CPU
		{D2BFC1B7-ADF4-4229-AF71-3066A5C8E730}.Release|x86.ActiveCfg = Release|Any CPU
		{D2BFC1B7-ADF4-4229-AF71-3066A5C8E730}.Release|x86.Build.0 = Release|Any CPU
		{4A7B7F6E-32C0-4758-9284-D1542D8E4435}.Debug|Any CPU.ActiveCfg = Debug|Any CPU
		{4A7B7F6E-32C0-4758-9284-D1542D8E4435}.Debug|Any CPU.Build.0 = Debug|Any CPU
		{4A7B7F6E-32C0-4758-9284-D1542D8E4435}.Debug|x64.ActiveCfg = Debug|Any CPU
		{4A7B7F6E-32C0-4758-9284-D1542D8E4435}.Debug|x64.Build.0 = Debug|Any CPU
		{4A7B7F6E-32C0-4758-9284-D1542D8E4435}.Debug|x86.ActiveCfg = Debug|Any CPU
		{4A7B7F6E-32C0-4758-9284-D1542D8E4435}.Debug|x86.Build.0 = Debug|Any CPU
		{4A7B7F6E-32C0-4758-9284-D1542D8E4435}.Release|Any CPU.ActiveCfg = Release|Any CPU
		{4A7B7F6E-32C0-4758-9284-D1542D8E4435}.Release|Any CPU.Build.0 = Release|Any CPU
		{4A7B7F6E-32C0-4758-9284-D1542D8E4435}.Release|x64.ActiveCfg = Release|Any CPU
		{4A7B7F6E-32C0-4758-9284-D1542D8E4435}.Release|x64.Build.0 = Release|Any CPU
		{4A7B7F6E-32C0-4758-9284-D1542D8E4435}.Release|x86.ActiveCfg = Release|Any CPU
		{4A7B7F6E-32C0-4758-9284-D1542D8E4435}.Release|x86.Build.0 = Release|Any CPU
		{23A08A28-61CE-462B-8E07-A18F70D983A4}.Debug|Any CPU.ActiveCfg = Debug|Any CPU
		{23A08A28-61CE-462B-8E07-A18F70D983A4}.Debug|Any CPU.Build.0 = Debug|Any CPU
		{23A08A28-61CE-462B-8E07-A18F70D983A4}.Debug|x64.ActiveCfg = Debug|Any CPU
		{23A08A28-61CE-462B-8E07-A18F70D983A4}.Debug|x64.Build.0 = Debug|Any CPU
		{23A08A28-61CE-462B-8E07-A18F70D983A4}.Debug|x86.ActiveCfg = Debug|Any CPU
		{23A08A28-61CE-462B-8E07-A18F70D983A4}.Debug|x86.Build.0 = Debug|Any CPU
		{23A08A28-61CE-462B-8E07-A18F70D983A4}.Release|Any CPU.ActiveCfg = Release|Any CPU
		{23A08A28-61CE-462B-8E07-A18F70D983A4}.Release|Any CPU.Build.0 = Release|Any CPU
		{23A08A28-61CE-462B-8E07-A18F70D983A4}.Release|x64.ActiveCfg = Release|Any CPU
		{23A08A28-61CE-462B-8E07-A18F70D983A4}.Release|x64.Build.0 = Release|Any CPU
		{23A08A28-61CE-462B-8E07-A18F70D983A4}.Release|x86.ActiveCfg = Release|Any CPU
		{23A08A28-61CE-462B-8E07-A18F70D983A4}.Release|x86.Build.0 = Release|Any CPU
		{3A1063CC-7B82-4665-AFB9-2CB574D09C5E}.Debug|Any CPU.ActiveCfg = Debug|Any CPU
		{3A1063CC-7B82-4665-AFB9-2CB574D09C5E}.Debug|Any CPU.Build.0 = Debug|Any CPU
		{3A1063CC-7B82-4665-AFB9-2CB574D09C5E}.Debug|x64.ActiveCfg = Debug|Any CPU
		{3A1063CC-7B82-4665-AFB9-2CB574D09C5E}.Debug|x64.Build.0 = Debug|Any CPU
		{3A1063CC-7B82-4665-AFB9-2CB574D09C5E}.Debug|x86.ActiveCfg = Debug|Any CPU
		{3A1063CC-7B82-4665-AFB9-2CB574D09C5E}.Debug|x86.Build.0 = Debug|Any CPU
		{3A1063CC-7B82-4665-AFB9-2CB574D09C5E}.Release|Any CPU.ActiveCfg = Release|Any CPU
		{3A1063CC-7B82-4665-AFB9-2CB574D09C5E}.Release|Any CPU.Build.0 = Release|Any CPU
		{3A1063CC-7B82-4665-AFB9-2CB574D09C5E}.Release|x64.ActiveCfg = Release|Any CPU
		{3A1063CC-7B82-4665-AFB9-2CB574D09C5E}.Release|x64.Build.0 = Release|Any CPU
		{3A1063CC-7B82-4665-AFB9-2CB574D09C5E}.Release|x86.ActiveCfg = Release|Any CPU
		{3A1063CC-7B82-4665-AFB9-2CB574D09C5E}.Release|x86.Build.0 = Release|Any CPU
		{C66F8346-55CA-4ED0-AB16-F081D051A2EB}.Debug|Any CPU.ActiveCfg = Debug|Any CPU
		{C66F8346-55CA-4ED0-AB16-F081D051A2EB}.Debug|Any CPU.Build.0 = Debug|Any CPU
		{C66F8346-55CA-4ED0-AB16-F081D051A2EB}.Debug|x64.ActiveCfg = Debug|Any CPU
		{C66F8346-55CA-4ED0-AB16-F081D051A2EB}.Debug|x64.Build.0 = Debug|Any CPU
		{C66F8346-55CA-4ED0-AB16-F081D051A2EB}.Debug|x86.ActiveCfg = Debug|Any CPU
		{C66F8346-55CA-4ED0-AB16-F081D051A2EB}.Debug|x86.Build.0 = Debug|Any CPU
		{C66F8346-55CA-4ED0-AB16-F081D051A2EB}.Release|Any CPU.ActiveCfg = Release|Any CPU
		{C66F8346-55CA-4ED0-AB16-F081D051A2EB}.Release|Any CPU.Build.0 = Release|Any CPU
		{C66F8346-55CA-4ED0-AB16-F081D051A2EB}.Release|x64.ActiveCfg = Release|Any CPU
		{C66F8346-55CA-4ED0-AB16-F081D051A2EB}.Release|x64.Build.0 = Release|Any CPU
		{C66F8346-55CA-4ED0-AB16-F081D051A2EB}.Release|x86.ActiveCfg = Release|Any CPU
		{C66F8346-55CA-4ED0-AB16-F081D051A2EB}.Release|x86.Build.0 = Release|Any CPU
		{E93A823A-9AE1-4A44-9D22-61FB0B97B140}.Debug|Any CPU.ActiveCfg = Debug|Any CPU
		{E93A823A-9AE1-4A44-9D22-61FB0B97B140}.Debug|Any CPU.Build.0 = Debug|Any CPU
		{E93A823A-9AE1-4A44-9D22-61FB0B97B140}.Debug|x64.ActiveCfg = Debug|Any CPU
		{E93A823A-9AE1-4A44-9D22-61FB0B97B140}.Debug|x64.Build.0 = Debug|Any CPU
		{E93A823A-9AE1-4A44-9D22-61FB0B97B140}.Debug|x86.ActiveCfg = Debug|Any CPU
		{E93A823A-9AE1-4A44-9D22-61FB0B97B140}.Debug|x86.Build.0 = Debug|Any CPU
		{E93A823A-9AE1-4A44-9D22-61FB0B97B140}.Release|Any CPU.ActiveCfg = Release|Any CPU
		{E93A823A-9AE1-4A44-9D22-61FB0B97B140}.Release|Any CPU.Build.0 = Release|Any CPU
		{E93A823A-9AE1-4A44-9D22-61FB0B97B140}.Release|x64.ActiveCfg = Release|Any CPU
		{E93A823A-9AE1-4A44-9D22-61FB0B97B140}.Release|x64.Build.0 = Release|Any CPU
		{E93A823A-9AE1-4A44-9D22-61FB0B97B140}.Release|x86.ActiveCfg = Release|Any CPU
		{E93A823A-9AE1-4A44-9D22-61FB0B97B140}.Release|x86.Build.0 = Release|Any CPU
		{33F2F1E8-441A-4832-9705-71A4D1FECFCC}.Debug|Any CPU.ActiveCfg = Debug|Any CPU
		{33F2F1E8-441A-4832-9705-71A4D1FECFCC}.Debug|Any CPU.Build.0 = Debug|Any CPU
		{33F2F1E8-441A-4832-9705-71A4D1FECFCC}.Debug|x64.ActiveCfg = Debug|Any CPU
		{33F2F1E8-441A-4832-9705-71A4D1FECFCC}.Debug|x64.Build.0 = Debug|Any CPU
		{33F2F1E8-441A-4832-9705-71A4D1FECFCC}.Debug|x86.ActiveCfg = Debug|Any CPU
		{33F2F1E8-441A-4832-9705-71A4D1FECFCC}.Debug|x86.Build.0 = Debug|Any CPU
		{33F2F1E8-441A-4832-9705-71A4D1FECFCC}.Release|Any CPU.ActiveCfg = Release|Any CPU
		{33F2F1E8-441A-4832-9705-71A4D1FECFCC}.Release|Any CPU.Build.0 = Release|Any CPU
		{33F2F1E8-441A-4832-9705-71A4D1FECFCC}.Release|x64.ActiveCfg = Release|Any CPU
		{33F2F1E8-441A-4832-9705-71A4D1FECFCC}.Release|x64.Build.0 = Release|Any CPU
		{33F2F1E8-441A-4832-9705-71A4D1FECFCC}.Release|x86.ActiveCfg = Release|Any CPU
		{33F2F1E8-441A-4832-9705-71A4D1FECFCC}.Release|x86.Build.0 = Release|Any CPU
		{0AF4BB2C-DCD2-423A-A2EF-47FFD77952F3}.Debug|Any CPU.ActiveCfg = Debug|Any CPU
		{0AF4BB2C-DCD2-423A-A2EF-47FFD77952F3}.Debug|Any CPU.Build.0 = Debug|Any CPU
		{0AF4BB2C-DCD2-423A-A2EF-47FFD77952F3}.Debug|x64.ActiveCfg = Debug|Any CPU
		{0AF4BB2C-DCD2-423A-A2EF-47FFD77952F3}.Debug|x64.Build.0 = Debug|Any CPU
		{0AF4BB2C-DCD2-423A-A2EF-47FFD77952F3}.Debug|x86.ActiveCfg = Debug|Any CPU
		{0AF4BB2C-DCD2-423A-A2EF-47FFD77952F3}.Debug|x86.Build.0 = Debug|Any CPU
		{0AF4BB2C-DCD2-423A-A2EF-47FFD77952F3}.Release|Any CPU.ActiveCfg = Release|Any CPU
		{0AF4BB2C-DCD2-423A-A2EF-47FFD77952F3}.Release|Any CPU.Build.0 = Release|Any CPU
		{0AF4BB2C-DCD2-423A-A2EF-47FFD77952F3}.Release|x64.ActiveCfg = Release|Any CPU
		{0AF4BB2C-DCD2-423A-A2EF-47FFD77952F3}.Release|x64.Build.0 = Release|Any CPU
		{0AF4BB2C-DCD2-423A-A2EF-47FFD77952F3}.Release|x86.ActiveCfg = Release|Any CPU
		{0AF4BB2C-DCD2-423A-A2EF-47FFD77952F3}.Release|x86.Build.0 = Release|Any CPU
		{F96D2F3F-9C8D-48B8-9707-FC77ABCAD4EE}.Debug|Any CPU.ActiveCfg = Debug|Any CPU
		{F96D2F3F-9C8D-48B8-9707-FC77ABCAD4EE}.Debug|Any CPU.Build.0 = Debug|Any CPU
		{F96D2F3F-9C8D-48B8-9707-FC77ABCAD4EE}.Debug|x64.ActiveCfg = Debug|Any CPU
		{F96D2F3F-9C8D-48B8-9707-FC77ABCAD4EE}.Debug|x64.Build.0 = Debug|Any CPU
		{F96D2F3F-9C8D-48B8-9707-FC77ABCAD4EE}.Debug|x86.ActiveCfg = Debug|Any CPU
		{F96D2F3F-9C8D-48B8-9707-FC77ABCAD4EE}.Debug|x86.Build.0 = Debug|Any CPU
		{F96D2F3F-9C8D-48B8-9707-FC77ABCAD4EE}.Release|Any CPU.ActiveCfg = Release|Any CPU
		{F96D2F3F-9C8D-48B8-9707-FC77ABCAD4EE}.Release|Any CPU.Build.0 = Release|Any CPU
		{F96D2F3F-9C8D-48B8-9707-FC77ABCAD4EE}.Release|x64.ActiveCfg = Release|Any CPU
		{F96D2F3F-9C8D-48B8-9707-FC77ABCAD4EE}.Release|x64.Build.0 = Release|Any CPU
		{F96D2F3F-9C8D-48B8-9707-FC77ABCAD4EE}.Release|x86.ActiveCfg = Release|Any CPU
		{F96D2F3F-9C8D-48B8-9707-FC77ABCAD4EE}.Release|x86.Build.0 = Release|Any CPU
	EndGlobalSection
	GlobalSection(SolutionProperties) = preSolution
		HideSolutionNode = FALSE
	EndGlobalSection
EndGlobal
